{
  "nodes": {
    "bundix": {
      "inputs": {
        "nixpkgs": [
          "nixpkgs"
        ]
      },
      "locked": {
        "lastModified": 1721093334,
        "narHash": "sha256-5FghZ0HIETbc0TGcBV8uyixq5z4w/9PF5Puhujz3D1o=",
        "owner": "inscapist",
        "repo": "bundix",
        "rev": "42c08846f7e5d91ef121239fd364feaeb22c0bbc",
        "type": "github"
      },
      "original": {
        "owner": "inscapist",
        "ref": "main",
        "repo": "bundix",
        "type": "github"
      }
    },
    "flake-schemas": {
      "locked": {
        "lastModified": 1721786084,
        "narHash": "sha256-efoDF3VaZHpcwFd2Y1axGLqNX/ou9kDL7z9mWNqzv9w=",
        "rev": "fa4dcab2993795df7ab5fe3f1af40e496ebba82d",
        "revCount": 72,
        "type": "tarball",
        "url": "https://api.flakehub.com/f/pinned/DeterminateSystems/flake-schemas/0.1.4/0190e653-dd76-70bd-ba6e-a3f5eaf3d415/source.tar.gz"
      },
      "original": {
        "type": "tarball",
        "url": "https://flakehub.com/f/DeterminateSystems/flake-schemas/0.1.%2A.tar.gz"
      }
    },
    "flake-utils": {
      "inputs": {
        "systems": "systems"
      },
      "locked": {
        "lastModified": 1710146030,
        "narHash": "sha256-SZ5L6eA7HJ/nmkzGG7/ISclqe6oZdOZTNoesiInkXPQ=",
        "rev": "b1d9ab70662946ef0850d488da1c9019f3a9752a",
        "revCount": 92,
        "type": "tarball",
        "url": "https://api.flakehub.com/f/pinned/numtide/flake-utils/0.1.92%2Brev-b1d9ab70662946ef0850d488da1c9019f3a9752a/018e2ca5-e5a2-7f80-9261-445a8cecd4d7/source.tar.gz"
      },
      "original": {
        "type": "tarball",
        "url": "https://flakehub.com/f/numtide/flake-utils/0.1.%2A.tar.gz"
      }
    },
    "nixpkgs": {
      "locked": {
        "lastModified": 1725432240,
        "narHash": "sha256-+yj+xgsfZaErbfYM3T+QvEE2hU7UuE+Jf0fJCJ8uPS0=",
        "rev": "ad416d066ca1222956472ab7d0555a6946746a80",
        "revCount": 675862,
        "type": "tarball",
        "url": "https://api.flakehub.com/f/pinned/NixOS/nixpkgs/0.1.675862%2Brev-ad416d066ca1222956472ab7d0555a6946746a80/0191c23d-752f-7dd2-aec3-6e4aaf553f30/source.tar.gz"
      },
      "original": {
        "type": "tarball",
        "url": "https://flakehub.com/f/NixOS/nixpkgs/0.1.%2A.tar.gz"
      }
    },
    "root": {
      "inputs": {
        "bundix": "bundix",
        "flake-schemas": "flake-schemas",
        "flake-utils": "flake-utils",
        "nixpkgs": "nixpkgs",
        "ruby-nix": "ruby-nix"
      }
    },
    "ruby-nix": {
      "inputs": {
        "nixpkgs": [
          "nixpkgs"
        ]
      },
      "locked": {
        "lastModified": 1725340963,
        "narHash": "sha256-8enQnRrymY1aSyd4AhVRBlMrl3qUzdejrPu7mM461k8=",
        "owner": "inscapist",
        "repo": "ruby-nix",
        "rev": "c526b92c087499e8caabdc73e8611e427de9b931",
        "type": "github"
      },
      "original": {
        "owner": "inscapist",
        "repo": "ruby-nix",
        "type": "github"
      }
    },
    "systems": {
      "locked": {
        "lastModified": 1681028828,
        "narHash": "sha256-Vy1rq5AaRuLzOxct8nz4T6wlgyUR7zLU309k9mBC768=",
        "owner": "nix-systems",
        "repo": "default",
        "rev": "da67096a3b9bf56a91d16901293e51ba5b49a27e",
        "type": "github"
      },
      "original": {
        "owner": "nix-systems",
        "repo": "default",
        "type": "github"
      }
    }
  },
  "root": "root",
  "version": 7
}
